
Microsoft Visual Studio Solution File, Format Version 12.00
# Visual Studio Version 16
VisualStudioVersion = 16.0.29609.76
MinimumVisualStudioVersion = 10.0.40219.1
Project("{9A19103F-16F7-4668-BE54-9A1E7A4F7556}") = "IotHome.Service.App", "IotHome.Service.App\IotHome.Service.App.csproj", "{3490E855-082A-4F3D-A4DC-88B935457505}"
EndProject
Project("{9A19103F-16F7-4668-BE54-9A1E7A4F7556}") = "IotHome.Service.Model", "IotHome.Service.Model\IotHome.Service.Model.csproj", "{D1723E48-368D-48D9-A946-60624E2049D9}"
EndProject
Project("{9A19103F-16F7-4668-BE54-9A1E7A4F7556}") = "IotHome.Service.Services", "IotHome.Service.Services\IotHome.Service.Services.csproj", "{ED187960-058A-48A5-9EB3-665EC5EC6087}"
EndProject
Project("{9A19103F-16F7-4668-BE54-9A1E7A4F7556}") = "IotHome.Service.ReadingsMonitor", "IotHome.Service.ReadingsMonitor\IotHome.Service.ReadingsMonitor.csproj", "{0C518E95-91B5-48E8-88C5-083E688F0B51}"
EndProject
Global
	GlobalSection(SolutionConfigurationPlatforms) = preSolution
		Debug|Any CPU = Debug|Any CPU
		Release|Any CPU = Release|Any CPU
	EndGlobalSection
	GlobalSection(ProjectConfigurationPlatforms) = postSolution
		{3490E855-082A-4F3D-A4DC-88B935457505}.Debug|Any CPU.ActiveCfg = Debug|Any CPU
		{3490E855-082A-4F3D-A4DC-88B935457505}.Debug|Any CPU.Build.0 = Debug|Any CPU
		{3490E855-082A-4F3D-A4DC-88B935457505}.Release|Any CPU.ActiveCfg = Release|Any CPU
		{3490E855-082A-4F3D-A4DC-88B935457505}.Release|Any CPU.Build.0 = Release|Any CPU
		{D1723E48-368D-48D9-A946-60624E2049D9}.Debug|Any CPU.ActiveCfg = Debug|Any CPU
		{D1723E48-368D-48D9-A946-60624E2049D9}.Debug|Any CPU.Build.0 = Debug|Any CPU
		{D1723E48-368D-48D9-A946-60624E2049D9}.Release|Any CPU.ActiveCfg = Release|Any CPU
		{D1723E48-368D-48D9-A946-60624E2049D9}.Release|Any CPU.Build.0 = Release|Any CPU
		{ED187960-058A-48A5-9EB3-665EC5EC6087}.Debug|Any CPU.ActiveCfg = Debug|Any CPU
		{ED187960-058A-48A5-9EB3-665EC5EC6087}.Debug|Any CPU.Build.0 = Debug|Any CPU
		{ED187960-058A-48A5-9EB3-665EC5EC6087}.Release|Any CPU.ActiveCfg = Release|Any CPU
		{ED187960-058A-48A5-9EB3-665EC5EC6087}.Release|Any CPU.Build.0 = Release|Any CPU
		{0C518E95-91B5-48E8-88C5-083E688F0B51}.Debug|Any CPU.ActiveCfg = Debug|Any CPU
		{0C518E95-91B5-48E8-88C5-083E688F0B51}.Debug|Any CPU.Build.0 = Debug|Any CPU
		{0C518E95-91B5-48E8-88C5-083E688F0B51}.Release|Any CPU.ActiveCfg = Release|Any CPU
		{0C518E95-91B5-48E8-88C5-083E688F0B51}.Release|Any CPU.Build.0 = Release|Any CPU
	EndGlobalSection
	GlobalSection(SolutionProperties) = preSolution
		HideSolutionNode = FALSE
	EndGlobalSection
	GlobalSection(ExtensibilityGlobals) = postSolution
		SolutionGuid = {F062900D-CE4B-42EA-8B8B-E1119A9EF7C5}
	EndGlobalSection
EndGlobal
